<?xml version="1.0" encoding="utf-8"?>
<Project ToolsVersion="4.0" xmlns="http://schemas.microsoft.com/developer/msbuild/2003">
  <ItemGroup>
    <Filter Include="Исходные файлы">
      <UniqueIdentifier>{4FC737F1-C7A5-4376-A066-2A32D752A2FF}</UniqueIdentifier>
      <Extensions>cpp;c;cc;cxx;c++;cppm;ixx;def;odl;idl;hpj;bat;asm;asmx</Extensions>
    </Filter>
    <Filter Include="Файлы заголовков">
      <UniqueIdentifier>{93995380-89BD-4b04-88EB-625FBE52EBFB}</UniqueIdentifier>
      <Extensions>h;hh;hpp;hxx;h++;hm;inl;inc;ipp;xsd</Extensions>
    </Filter>
    <Filter Include="Файлы ресурсов">
      <UniqueIdentifier>{67DA6AB6-F800-4c08-8B7A-83BB121AAD01}</UniqueIdentifier>
      <Extensions>rc;ico;cur;bmp;dlg;rc2;rct;bin;rgs;gif;jpg;jpeg;jpe;resx;tiff;tif;png;wav;mfcribbon-ms</Extensions>
    </Filter>
  </ItemGroup>
  <ItemGroup>
    <ClCompile Include="NullPointer.c">
      <Filter>Исходные файлы</Filter>
    </ClCompile>
    <ClCompile Include="Memory\memory.c">
      <Filter>Исходные файлы</Filter>
    </ClCompile>
    <ClCompile Include="Features\Features.c">
      <Filter>Исходные файлы</Filter>
    </ClCompile>
    <ClCompile Include="GUI\GUI.c">
      <Filter>Исходные файлы</Filter>
    </ClCompile>
    <ClCompile Include="Math\Math.c">
      <Filter>Исходные файлы</Filter>
    </ClCompile>
    <ClCompile Include="dependencies.h">
      <Filter>Исходные файлы</Filter>
    </ClCompile>
    <ClCompile Include="GUI\Themes\NuklearThemes.c">
      <Filter>Исходные файлы</Filter>
    </ClCompile>
    <ClCompile Include="GUI\Tabs\ESP\ESP.c">
      <Filter>Исходные файлы</Filter>
    </ClCompile>
    <ClCompile Include="GUI\Tabs\TriggerBot\TriggerTab.c">
      <Filter>Исходные файлы</Filter>
    </ClCompile>
    <ClCompile Include="GUI\Tabs\Misc\MiscTab.c">
      <Filter>Исходные файлы</Filter>
    </ClCompile>
    <ClCompile Include="GUI\Tabs\WarningPopup\WarningPopup.c">
      <Filter>Исходные файлы</Filter>
    </ClCompile>
    <ClCompile Include="GUI\Tabs\Glow\GlowTab.c">
      <Filter>Исходные файлы</Filter>
    </ClCompile>
    <ClCompile Include="GUI\OverlaySetup\Overlay.c">
      <Filter>Исходные файлы</Filter>
    </ClCompile>
    <ClCompile Include="GUI\Tabs\AimBot\AimTab.c">
      <Filter>Исходные файлы</Filter>
    </ClCompile>
    <ClCompile Include="Memory\DRIVER\driverFunctions.c">
      <Filter>Исходные файлы</Filter>
    </ClCompile>
    <ClCompile Include="Memory\WINAPI\winapi.c">
      <Filter>Исходные файлы</Filter>
    </ClCompile>
    <ClCompile Include="Utils\Utils.c">
      <Filter>Исходные файлы</Filter>
    </ClCompile>
    <ClCompile Include="Features\TriggerBot\TriggerBot.c">
      <Filter>Исходные файлы</Filter>
    </ClCompile>
    <ClCompile Include="Features\Glow\Glow.c">
      <Filter>Исходные файлы</Filter>
    </ClCompile>
    <ClCompile Include="Features\Entity\Entity.c">
      <Filter>Исходные файлы</Filter>
    </ClCompile>
    <ClCompile Include="Features\AntiFlash\AntiFlash.c">
      <Filter>Исходные файлы</Filter>
    </ClCompile>
    <ClCompile Include="Features\Aimbot\Aimbot.c">
      <Filter>Исходные файлы</Filter>
    </ClCompile>
  </ItemGroup>
  <ItemGroup>
    <ClInclude Include="Memory\memory.h">
      <Filter>Файлы заголовков</Filter>
    </ClInclude>
    <ClInclude Include="NullPointer.h">
      <Filter>Файлы заголовков</Filter>
    </ClInclude>
    <ClInclude Include="Offsets.h">
      <Filter>Файлы заголовков</Filter>
    </ClInclude>
    <ClInclude Include="Features\Features.h">
      <Filter>Файлы заголовков</Filter>
    </ClInclude>
    <ClInclude Include="Libraries\include\nuklear.h">
      <Filter>Файлы заголовков</Filter>
    </ClInclude>
    <ClInclude Include="Libraries\include\nuklear_sdl_renderer.h">
      <Filter>Файлы заголовков</Filter>
    </ClInclude>
    <ClInclude Include="GUI\GUI.h">
      <Filter>Файлы заголовков</Filter>
    </ClInclude>
    <ClInclude Include="Math\Math.h">
      <Filter>Файлы заголовков</Filter>
    </ClInclude>
    <ClInclude Include="Request.h">
      <Filter>Файлы заголовков</Filter>
    </ClInclude>
    <ClInclude Include="GUI\Themes\NuklearThemes.h">
      <Filter>Файлы заголовков</Filter>
    </ClInclude>
    <ClInclude Include="GUI\NuklearDefinition.h">
      <Filter>Файлы заголовков</Filter>
    </ClInclude>
    <ClInclude Include="GUI\Tabs\ESP\ESP.h">
      <Filter>Файлы заголовков</Filter>
    </ClInclude>
    <ClInclude Include="GUI\Tabs\TriggerBot\TriggerTab.h">
      <Filter>Файлы заголовков</Filter>
    </ClInclude>
    <ClInclude Include="GUI\Tabs\Misc\MiscTab.h">
      <Filter>Файлы заголовков</Filter>
    </ClInclude>
    <ClInclude Include="GUI\Tabs\WarningPopup\WarningPopup.h">
      <Filter>Файлы заголовков</Filter>
    </ClInclude>
    <ClInclude Include="GUI\Tabs\Glow\GlowTab.h">
      <Filter>Файлы заголовков</Filter>
    </ClInclude>
    <ClInclude Include="GUI\OverlaySetup\Overlay.h">
      <Filter>Файлы заголовков</Filter>
    </ClInclude>
    <ClInclude Include="GUI\Tabs\AimBot\AimTab.h">
      <Filter>Файлы заголовков</Filter>
    </ClInclude>
    <ClInclude Include="Memory\sharedSpace.h">
      <Filter>Файлы заголовков</Filter>
    </ClInclude>
    <ClInclude Include="Memory\DRIVER\driverFunctions.h">
      <Filter>Файлы заголовков</Filter>
    </ClInclude>
    <ClInclude Include="Memory\WINAPI\winapi.h">
      <Filter>Файлы заголовков</Filter>
    </ClInclude>
    <ClInclude Include="Utils\Utils.h">
      <Filter>Файлы заголовков</Filter>
    </ClInclude>
    <ClInclude Include="Libraries\include\SDL2\begin_code.h">
      <Filter>Файлы заголовков</Filter>
    </ClInclude>
    <ClInclude Include="Libraries\include\SDL2\close_code.h">
      <Filter>Файлы заголовков</Filter>
    </ClInclude>
    <ClInclude Include="Libraries\include\SDL2\SDL.h">
      <Filter>Файлы заголовков</Filter>
    </ClInclude>
    <ClInclude Include="Libraries\include\SDL2\SDL_assert.h">
      <Filter>Файлы заголовков</Filter>
    </ClInclude>
    <ClInclude Include="Libraries\include\SDL2\SDL_atomic.h">
      <Filter>Файлы заголовков</Filter>
    </ClInclude>
    <ClInclude Include="Libraries\include\SDL2\SDL_audio.h">
      <Filter>Файлы заголовков</Filter>
    </ClInclude>
    <ClInclude Include="Libraries\include\SDL2\SDL_bits.h">
      <Filter>Файлы заголовков</Filter>
    </ClInclude>
    <ClInclude Include="Libraries\include\SDL2\SDL_blendmode.h">
      <Filter>Файлы заголовков</Filter>
    </ClInclude>
    <ClInclude Include="Libraries\include\SDL2\SDL_clipboard.h">
      <Filter>Файлы заголовков</Filter>
    </ClInclude>
    <ClInclude Include="Libraries\include\SDL2\SDL_config.h">
      <Filter>Файлы заголовков</Filter>
    </ClInclude>
    <ClInclude Include="Libraries\include\SDL2\SDL_config_android.h">
      <Filter>Файлы заголовков</Filter>
    </ClInclude>
    <ClInclude Include="Libraries\include\SDL2\SDL_config_emscripten.h">
      <Filter>Файлы заголовков</Filter>
    </ClInclude>
    <ClInclude Include="Libraries\include\SDL2\SDL_config_iphoneos.h">
      <Filter>Файлы заголовков</Filter>
    </ClInclude>
    <ClInclude Include="Libraries\include\SDL2\SDL_config_macosx.h">
      <Filter>Файлы заголовков</Filter>
    </ClInclude>
    <ClInclude Include="Libraries\include\SDL2\SDL_config_minimal.h">
      <Filter>Файлы заголовков</Filter>
    </ClInclude>
    <ClInclude Include="Libraries\include\SDL2\SDL_config_ngage.h">
      <Filter>Файлы заголовков</Filter>
    </ClInclude>
    <ClInclude Include="Libraries\include\SDL2\SDL_config_os2.h">
      <Filter>Файлы заголовков</Filter>
    </ClInclude>
    <ClInclude Include="Libraries\include\SDL2\SDL_config_pandora.h">
      <Filter>Файлы заголовков</Filter>
    </ClInclude>
    <ClInclude Include="Libraries\include\SDL2\SDL_config_windows.h">
      <Filter>Файлы заголовков</Filter>
    </ClInclude>
    <ClInclude Include="Libraries\include\SDL2\SDL_config_wingdk.h">
      <Filter>Файлы заголовков</Filter>
    </ClInclude>
    <ClInclude Include="Libraries\include\SDL2\SDL_config_winrt.h">
      <Filter>Файлы заголовков</Filter>
    </ClInclude>
    <ClInclude Include="Libraries\include\SDL2\SDL_config_xbox.h">
      <Filter>Файлы заголовков</Filter>
    </ClInclude>
    <ClInclude Include="Libraries\include\SDL2\SDL_copying.h">
      <Filter>Файлы заголовков</Filter>
    </ClInclude>
    <ClInclude Include="Libraries\include\SDL2\SDL_cpuinfo.h">
      <Filter>Файлы заголовков</Filter>
    </ClInclude>
    <ClInclude Include="Libraries\include\SDL2\SDL_egl.h">
      <Filter>Файлы заголовков</Filter>
    </ClInclude>
    <ClInclude Include="Libraries\include\SDL2\SDL_endian.h">
      <Filter>Файлы заголовков</Filter>
    </ClInclude>
    <ClInclude Include="Libraries\include\SDL2\SDL_error.h">
      <Filter>Файлы заголовков</Filter>
    </ClInclude>
    <ClInclude Include="Libraries\include\SDL2\SDL_events.h">
      <Filter>Файлы заголовков</Filter>
    </ClInclude>
    <ClInclude Include="Libraries\include\SDL2\SDL_filesystem.h">
      <Filter>Файлы заголовков</Filter>
    </ClInclude>
    <ClInclude Include="Libraries\include\SDL2\SDL_gamecontroller.h">
      <Filter>Файлы заголовков</Filter>
    </ClInclude>
    <ClInclude Include="Libraries\include\SDL2\SDL_gesture.h">
      <Filter>Файлы заголовков</Filter>
    </ClInclude>
    <ClInclude Include="Libraries\include\SDL2\SDL_guid.h">
      <Filter>Файлы заголовков</Filter>
    </ClInclude>
    <ClInclude Include="Libraries\include\SDL2\SDL_haptic.h">
      <Filter>Файлы заголовков</Filter>
    </ClInclude>
    <ClInclude Include="Libraries\include\SDL2\SDL_hidapi.h">
      <Filter>Файлы заголовков</Filter>
    </ClInclude>
    <ClInclude Include="Libraries\include\SDL2\SDL_hints.h">
      <Filter>Файлы заголовков</Filter>
    </ClInclude>
    <ClInclude Include="Libraries\include\SDL2\SDL_image.h">
      <Filter>Файлы заголовков</Filter>
    </ClInclude>
    <ClInclude Include="Libraries\include\SDL2\SDL_joystick.h">
      <Filter>Файлы заголовков</Filter>
    </ClInclude>
    <ClInclude Include="Libraries\include\SDL2\SDL_keyboard.h">
      <Filter>Файлы заголовков</Filter>
    </ClInclude>
    <ClInclude Include="Libraries\include\SDL2\SDL_keycode.h">
      <Filter>Файлы заголовков</Filter>
    </ClInclude>
    <ClInclude Include="Libraries\include\SDL2\SDL_loadso.h">
      <Filter>Файлы заголовков</Filter>
    </ClInclude>
    <ClInclude Include="Libraries\include\SDL2\SDL_locale.h">
      <Filter>Файлы заголовков</Filter>
    </ClInclude>
    <ClInclude Include="Libraries\include\SDL2\SDL_log.h">
      <Filter>Файлы заголовков</Filter>
    </ClInclude>
    <ClInclude Include="Libraries\include\SDL2\SDL_main.h">
      <Filter>Файлы заголовков</Filter>
    </ClInclude>
    <ClInclude Include="Libraries\include\SDL2\SDL_messagebox.h">
      <Filter>Файлы заголовков</Filter>
    </ClInclude>
    <ClInclude Include="Libraries\include\SDL2\SDL_metal.h">
      <Filter>Файлы заголовков</Filter>
    </ClInclude>
    <ClInclude Include="Libraries\include\SDL2\SDL_misc.h">
      <Filter>Файлы заголовков</Filter>
    </ClInclude>
    <ClInclude Include="Libraries\include\SDL2\SDL_mouse.h">
      <Filter>Файлы заголовков</Filter>
    </ClInclude>
    <ClInclude Include="Libraries\include\SDL2\SDL_mutex.h">
      <Filter>Файлы заголовков</Filter>
    </ClInclude>
    <ClInclude Include="Libraries\include\SDL2\SDL_name.h">
      <Filter>Файлы заголовков</Filter>
    </ClInclude>
    <ClInclude Include="Libraries\include\SDL2\SDL_opengl.h">
      <Filter>Файлы заголовков</Filter>
    </ClInclude>
    <ClInclude Include="Libraries\include\SDL2\SDL_opengl_glext.h">
      <Filter>Файлы заголовков</Filter>
    </ClInclude>
    <ClInclude Include="Libraries\include\SDL2\SDL_opengles.h">
      <Filter>Файлы заголовков</Filter>
    </ClInclude>
    <ClInclude Include="Libraries\include\SDL2\SDL_opengles2.h">
      <Filter>Файлы заголовков</Filter>
    </ClInclude>
    <ClInclude Include="Libraries\include\SDL2\SDL_opengles2_gl2.h">
      <Filter>Файлы заголовков</Filter>
    </ClInclude>
    <ClInclude Include="Libraries\include\SDL2\SDL_opengles2_gl2ext.h">
      <Filter>Файлы заголовков</Filter>
    </ClInclude>
    <ClInclude Include="Libraries\include\SDL2\SDL_opengles2_gl2platform.h">
      <Filter>Файлы заголовков</Filter>
    </ClInclude>
    <ClInclude Include="Libraries\include\SDL2\SDL_opengles2_khrplatform.h">
      <Filter>Файлы заголовков</Filter>
    </ClInclude>
    <ClInclude Include="Libraries\include\SDL2\SDL_pixels.h">
      <Filter>Файлы заголовков</Filter>
    </ClInclude>
    <ClInclude Include="Libraries\include\SDL2\SDL_platform.h">
      <Filter>Файлы заголовков</Filter>
    </ClInclude>
    <ClInclude Include="Libraries\include\SDL2\SDL_power.h">
      <Filter>Файлы заголовков</Filter>
    </ClInclude>
    <ClInclude Include="Libraries\include\SDL2\SDL_quit.h">
      <Filter>Файлы заголовков</Filter>
    </ClInclude>
    <ClInclude Include="Libraries\include\SDL2\SDL_rect.h">
      <Filter>Файлы заголовков</Filter>
    </ClInclude>
    <ClInclude Include="Libraries\include\SDL2\SDL_render.h">
      <Filter>Файлы заголовков</Filter>
    </ClInclude>
    <ClInclude Include="Libraries\include\SDL2\SDL_revision.h">
      <Filter>Файлы заголовков</Filter>
    </ClInclude>
    <ClInclude Include="Libraries\include\SDL2\SDL_rwops.h">
      <Filter>Файлы заголовков</Filter>
    </ClInclude>
    <ClInclude Include="Libraries\include\SDL2\SDL_scancode.h">
      <Filter>Файлы заголовков</Filter>
    </ClInclude>
    <ClInclude Include="Libraries\include\SDL2\SDL_sensor.h">
      <Filter>Файлы заголовков</Filter>
    </ClInclude>
    <ClInclude Include="Libraries\include\SDL2\SDL_shape.h">
      <Filter>Файлы заголовков</Filter>
    </ClInclude>
    <ClInclude Include="Libraries\include\SDL2\SDL_stdinc.h">
      <Filter>Файлы заголовков</Filter>
    </ClInclude>
    <ClInclude Include="Libraries\include\SDL2\SDL_surface.h">
      <Filter>Файлы заголовков</Filter>
    </ClInclude>
    <ClInclude Include="Libraries\include\SDL2\SDL_system.h">
      <Filter>Файлы заголовков</Filter>
    </ClInclude>
    <ClInclude Include="Libraries\include\SDL2\SDL_syswm.h">
      <Filter>Файлы заголовков</Filter>
    </ClInclude>
    <ClInclude Include="Libraries\include\SDL2\SDL_test.h">
      <Filter>Файлы заголовков</Filter>
    </ClInclude>
    <ClInclude Include="Libraries\include\SDL2\SDL_test_assert.h">
      <Filter>Файлы заголовков</Filter>
    </ClInclude>
    <ClInclude Include="Libraries\include\SDL2\SDL_test_common.h">
      <Filter>Файлы заголовков</Filter>
    </ClInclude>
    <ClInclude Include="Libraries\include\SDL2\SDL_test_compare.h">
      <Filter>Файлы заголовков</Filter>
    </ClInclude>
    <ClInclude Include="Libraries\include\SDL2\SDL_test_crc32.h">
      <Filter>Файлы заголовков</Filter>
    </ClInclude>
    <ClInclude Include="Libraries\include\SDL2\SDL_test_font.h">
      <Filter>Файлы заголовков</Filter>
    </ClInclude>
    <ClInclude Include="Libraries\include\SDL2\SDL_test_fuzzer.h">
      <Filter>Файлы заголовков</Filter>
    </ClInclude>
    <ClInclude Include="Libraries\include\SDL2\SDL_test_harness.h">
      <Filter>Файлы заголовков</Filter>
    </ClInclude>
    <ClInclude Include="Libraries\include\SDL2\SDL_test_images.h">
      <Filter>Файлы заголовков</Filter>
    </ClInclude>
    <ClInclude Include="Libraries\include\SDL2\SDL_test_log.h">
      <Filter>Файлы заголовков</Filter>
    </ClInclude>
    <ClInclude Include="Libraries\include\SDL2\SDL_test_md5.h">
      <Filter>Файлы заголовков</Filter>
    </ClInclude>
    <ClInclude Include="Libraries\include\SDL2\SDL_test_memory.h">
      <Filter>Файлы заголовков</Filter>
    </ClInclude>
    <ClInclude Include="Libraries\include\SDL2\SDL_test_random.h">
      <Filter>Файлы заголовков</Filter>
    </ClInclude>
    <ClInclude Include="Libraries\include\SDL2\SDL_thread.h">
      <Filter>Файлы заголовков</Filter>
    </ClInclude>
    <ClInclude Include="Libraries\include\SDL2\SDL_timer.h">
      <Filter>Файлы заголовков</Filter>
    </ClInclude>
    <ClInclude Include="Libraries\include\SDL2\SDL_touch.h">
      <Filter>Файлы заголовков</Filter>
    </ClInclude>
    <ClInclude Include="Libraries\include\SDL2\SDL_ttf.h">
      <Filter>Файлы заголовков</Filter>
    </ClInclude>
    <ClInclude Include="Libraries\include\SDL2\SDL_types.h">
      <Filter>Файлы заголовков</Filter>
    </ClInclude>
    <ClInclude Include="Libraries\include\SDL2\SDL_version.h">
      <Filter>Файлы заголовков</Filter>
    </ClInclude>
    <ClInclude Include="Libraries\include\SDL2\SDL_video.h">
      <Filter>Файлы заголовков</Filter>
    </ClInclude>
    <ClInclude Include="Libraries\include\SDL2\SDL_vulkan.h">
      <Filter>Файлы заголовков</Filter>
    </ClInclude>
    <ClInclude Include="Features\TriggerBot\TriggerBot.h">
      <Filter>Файлы заголовков</Filter>
    </ClInclude>
    <ClInclude Include="Features\Glow\Glow.h">
      <Filter>Файлы заголовков</Filter>
    </ClInclude>
    <ClInclude Include="Features\Entity\Entity.h">
      <Filter>Файлы заголовков</Filter>
    </ClInclude>
    <ClInclude Include="Features\AntiFlash\AntiFlash.h">
      <Filter>Файлы заголовков</Filter>
    </ClInclude>
    <ClInclude Include="Features\Aimbot\Aimbot.h">
      <Filter>Файлы заголовков</Filter>
    </ClInclude>
  </ItemGroup>
</Project>