<?xml version="1.0" encoding="utf-8"?>
<Project ToolsVersion="4.0" xmlns="http://schemas.microsoft.com/developer/msbuild/2003">
  <ItemGroup>
    <Filter Include="Исходные файлы">
      <UniqueIdentifier>{4FC737F1-C7A5-4376-A066-2A32D752A2FF}</UniqueIdentifier>
      <Extensions>cpp;c;cc;cxx;c++;cppm;ixx;def;odl;idl;hpj;bat;asm;asmx</Extensions>
    </Filter>
    <Filter Include="Файлы заголовков">
      <UniqueIdentifier>{93995380-89BD-4b04-88EB-625FBE52EBFB}</UniqueIdentifier>
      <Extensions>h;hh;hpp;hxx;h++;hm;inl;inc;ipp;xsd</Extensions>
    </Filter>
    <Filter Include="Файлы ресурсов">
      <UniqueIdentifier>{67DA6AB6-F800-4c08-8B7A-83BB121AAD01}</UniqueIdentifier>
      <Extensions>rc;ico;cur;bmp;dlg;rc2;rct;bin;rgs;gif;jpg;jpeg;jpe;resx;tiff;tif;png;wav;mfcribbon-ms</Extensions>
    </Filter>
  </ItemGroup>
  <ItemGroup>
    <ClCompile Include="NullPointer.c">
      <Filter>Исходные файлы</Filter>
    </ClCompile>
    <ClCompile Include="Memory\memory.c">
      <Filter>Исходные файлы</Filter>
    </ClCompile>
    <ClCompile Include="Features\Features.c">
      <Filter>Исходные файлы</Filter>
    </ClCompile>
    <ClCompile Include="GUI\GUI.c">
      <Filter>Исходные файлы</Filter>
    </ClCompile>
    <ClCompile Include="Math\Math.c">
      <Filter>Исходные файлы</Filter>
    </ClCompile>
    <ClCompile Include="dependencies.h">
      <Filter>Исходные файлы</Filter>
    </ClCompile>
    <ClCompile Include="GUI\Themes\NuklearThemes.c">
      <Filter>Исходные файлы</Filter>
    </ClCompile>
    <ClCompile Include="GUI\Tabs\ESP\ESP.c">
      <Filter>Исходные файлы</Filter>
    </ClCompile>
    <ClCompile Include="GUI\Tabs\TriggerBot\TriggerTab.c">
      <Filter>Исходные файлы</Filter>
    </ClCompile>
    <ClCompile Include="GUI\Tabs\Misc\MiscTab.c">
      <Filter>Исходные файлы</Filter>
    </ClCompile>
    <ClCompile Include="GUI\Tabs\WarningPopup\WarningPopup.c">
      <Filter>Исходные файлы</Filter>
    </ClCompile>
    <ClCompile Include="GUI\Tabs\Glow\GlowTab.c">
      <Filter>Исходные файлы</Filter>
    </ClCompile>
    <ClCompile Include="GUI\OverlaySetup\Overlay.c">
      <Filter>Исходные файлы</Filter>
    </ClCompile>
  </ItemGroup>
  <ItemGroup>
    <ClInclude Include="Memory\memory.h">
      <Filter>Файлы заголовков</Filter>
    </ClInclude>
    <ClInclude Include="NullPointer.h">
      <Filter>Файлы заголовков</Filter>
    </ClInclude>
    <ClInclude Include="Offsets.h">
      <Filter>Файлы заголовков</Filter>
    </ClInclude>
    <ClInclude Include="Features\Features.h">
      <Filter>Файлы заголовков</Filter>
    </ClInclude>
    <ClInclude Include="Libraries\include\nuklear.h">
      <Filter>Файлы заголовков</Filter>
    </ClInclude>
    <ClInclude Include="Libraries\include\nuklear_sdl_renderer.h">
      <Filter>Файлы заголовков</Filter>
    </ClInclude>
    <ClInclude Include="GUI\GUI.h">
      <Filter>Файлы заголовков</Filter>
    </ClInclude>
    <ClInclude Include="Math\Math.h">
      <Filter>Файлы заголовков</Filter>
    </ClInclude>
    <ClInclude Include="Request.h">
      <Filter>Файлы заголовков</Filter>
    </ClInclude>
    <ClInclude Include="GUI\Themes\NuklearThemes.h">
      <Filter>Файлы заголовков</Filter>
    </ClInclude>
    <ClInclude Include="GUI\NuklearDefinition.h">
      <Filter>Файлы заголовков</Filter>
    </ClInclude>
    <ClInclude Include="GUI\Tabs\ESP\ESP.h">
      <Filter>Файлы заголовков</Filter>
    </ClInclude>
    <ClInclude Include="GUI\Tabs\TriggerBot\TriggerTab.h">
      <Filter>Файлы заголовков</Filter>
    </ClInclude>
    <ClInclude Include="GUI\Tabs\Misc\MiscTab.h">
      <Filter>Файлы заголовков</Filter>
    </ClInclude>
    <ClInclude Include="GUI\Tabs\WarningPopup\WarningPopup.h">
      <Filter>Файлы заголовков</Filter>
    </ClInclude>
    <ClInclude Include="GUI\Tabs\Glow\GlowTab.h">
      <Filter>Файлы заголовков</Filter>
    </ClInclude>
    <ClInclude Include="GUI\OverlaySetup\Overlay.h">
      <Filter>Файлы заголовков</Filter>
    </ClInclude>
  </ItemGroup>
</Project>